{
    "name": "fleet-tracking-platform-frontend",
    "version": "1.0.0",
    "lockfileVersion": 3,
    "requires": true,
    "packages": {
        "": {
            "name": "fleet-tracking-platform-frontend",
            "version": "1.0.0",
            "dependencies": {
                "lucide": "^1.9.0"
            }
        },
        "node_modules/lucide": {
            "version": "1.11.0",
            "resolved": "https://registry.npmjs.org/lucide/-/lucide-1.11.0.tgz",
            "integrity": "sha512-2uvbGlcztUY+z0Ef++YCaxD6mtzrPsUJ1qWbIfqZrZGRxZBCL3icE6g2nzRTtJ6YywOoXC5blL/NmkLI66en5g==",
            "license": "ISC"
        }
    }
}
